version = 1
requires-python = ">=3.11"

[[package]]
name = "py-tipkarska-trka"
version = "0.1.0"
source = { virtual = "." }
dependencies = [
    { name = "pygame" },
]

[package.metadata]
requires-dist = [{ name = "pygame", specifier = "==2.5.0" }]

[[package]]
name = "pygame"
version = "2.5.0"
source = { registry = "https://pypi.org/simple" }
sdist = { url = "https://files.pythonhosted.org/packages/59/2a/cf94cd20b993baa764e3e7eae9e7084ca2d04c5e3f74eacf8f1ea62d9be9/pygame-2.5.0.tar.gz", hash = "sha256:edd5745b79435976d92c0a7318aedcafcb7ac4567125ac6ba88aa473559ef9ab", size = 15560194 }
wheels = [
    { url = "https://files.pythonhosted.org/packages/c4/4a/88b1124b76a09ab20eb37821b9a69ba304234712e9efe5e015f7aa5c7d1f/pygame-2.5.0-cp311-cp311-macosx_10_9_x86_64.whl", hash = "sha256:c71d5b3ec232113cbd2e23a19eb01eef1818db41892d0d5efbac3901f940da66", size = 12982107 },
    { url = "https://files.pythonhosted.org/packages/29/3f/2d4d89b17380fe22092c74abc74fd6e6c1b20ba8f5eb7c5e30cd58339adc/pygame-2.5.0-cp311-cp311-macosx_11_0_arm64.whl", hash = "sha256:b763062b1996de26a28600e7a8f138d5b36ba0ddd63c65ccbd06124cd95bab70", size = 12132408 },
    { url = "https://files.pythonhosted.org/packages/07/3d/ec787d3a1e4a06731c11636c2f549c3f39ec7c73f64ccfb37ba0587ad0eb/pygame-2.5.0-cp311-cp311-manylinux_2_17_aarch64.manylinux2014_aarch64.whl", hash = "sha256:e5b6a42109f922352c524565fceb22bf8f8b6e4b00d38306e6f5b4c673048f4a", size = 13512112 },
    { url = "https://files.pythonhosted.org/packages/9d/23/c1721fa20ebeefa778167cc60777bd14c73b48e986259d7a70a6fb9ff024/pygame-2.5.0-cp311-cp311-manylinux_2_17_i686.manylinux2014_i686.whl", hash = "sha256:3bcb19c8ee3fc794ab3a7cb5b5fb1ad38da6866dfbba4af3699a84a828c8a4b9", size = 14192462 },
    { url = "https://files.pythonhosted.org/packages/77/8f/87fd51fd5cd249bb795d38e6b5c01c4a4c73a6acdd4e64081e7325b5d08c/pygame-2.5.0-cp311-cp311-manylinux_2_17_x86_64.manylinux2014_x86_64.whl", hash = "sha256:c66b7abc38511c7ca08c5bb58a3bfc14fa51b4e5f85a1786777afc9e584a14dd", size = 13869928 },
    { url = "https://files.pythonhosted.org/packages/be/c5/d10ba06fd112c6c24429c1f68d73e9faf5a5c2fe445586cedf6bb65a6b07/pygame-2.5.0-cp311-cp311-win32.whl", hash = "sha256:46cf1c9b20fb11c7d836c02dd5fc2ca843b699c0e2bc4130cf4ad2f855db5f7f", size = 10164810 },
    { url = "https://files.pythonhosted.org/packages/a3/c6/2c8437c0e106d8db0427a4c8233e0f65a93052c91113b3e6bdfc83bd2445/pygame-2.5.0-cp311-cp311-win_amd64.whl", hash = "sha256:f7b77b5019a9a6342535f53c75cef912b218cd24e98505828418f135aacc0a1b", size = 10513002 },
    { url = "https://files.pythonhosted.org/packages/4b/93/fe8187d7b1610abb6a4146db016b6a2205b0d9b4a6247be6c6d12696cfb6/pygame-2.5.0-cp312-cp312-manylinux_2_17_aarch64.manylinux2014_aarch64.whl", hash = "sha256:7ddec0c823fd0869fe4a75ba906dcb7889db0e0c289ce8c03d4ce0a67351ab66", size = 13479285 },
    { url = "https://files.pythonhosted.org/packages/b8/10/32dd536021c75461164b3d1dfa600782065e541f0ead709187af624d223b/pygame-2.5.0-cp312-cp312-manylinux_2_17_i686.manylinux2014_i686.whl", hash = "sha256:bae93ce29b8337a5e02507603094c51740c9f496272ef070e2624e9647776568", size = 14159124 },
    { url = "https://files.pythonhosted.org/packages/49/1f/5864fdb62580969748bec9d9d08a1948bac084688028d658602a39774da8/pygame-2.5.0-cp312-cp312-manylinux_2_17_x86_64.manylinux2014_x86_64.whl", hash = "sha256:c80a1ad38d11102b4dfa0519aa2a26fea534503b259872609acc9adb1860884e", size = 13835319 },
    { url = "https://files.pythonhosted.org/packages/ae/26/3d06638712daa486de332534858daf31ce973914942b19b2456f93b3c92e/pygame-2.5.0-cp312-cp312-win32.whl", hash = "sha256:8ffebcafda0add8072f82999498113be37494694fa36e02155cfaf1a0ba56fe2", size = 10162189 },
    { url = "https://files.pythonhosted.org/packages/c5/26/803a33a4d0b3648c865dc51b8ddd67602e451057248dd8203d58142e4cbf/pygame-2.5.0-cp312-cp312-win_amd64.whl", hash = "sha256:574e310ba708da0c34b71c4158aa7cdca3cf3e16c4100dcd1d3c931a9c6705b4", size = 10510722 },
]
